
Microsoft Visual Studio Solution File, Format Version 12.00
# Visual Studio 14
VisualStudioVersion = 14.0.25420.1
MinimumVisualStudioVersion = 10.0.40219.1
Project("{FAE04EC0-301F-11D3-BF4B-00C04F79EFBC}") = "StorageCode", "StorageCode\StorageCode.csproj", "{E42F924B-409F-4B52-AAE5-B966A289518A}"
EndProject
Project("{FAE04EC0-301F-11D3-BF4B-00C04F79EFBC}") = "Unit", "Unit\Unit.csproj", "{5059E5B1-34CF-4949-88FE-5932865E398E}"
EndProject
Global
	GlobalSection(SolutionConfigurationPlatforms) = preSolution
		Debug|Any CPU = Debug|Any CPU
		Release|Any CPU = Release|Any CPU
	EndGlobalSection
	GlobalSection(ProjectConfigurationPlatforms) = postSolution
		{E42F924B-409F-4B52-AAE5-B966A289518A}.Debug|Any CPU.ActiveCfg = Debug|Any CPU
		{E42F924B-409F-4B52-AAE5-B966A289518A}.Debug|Any CPU.Build.0 = Debug|Any CPU
		{E42F924B-409F-4B52-AAE5-B966A289518A}.Release|Any CPU.ActiveCfg = Release|Any CPU
		{E42F924B-409F-4B52-AAE5-B966A289518A}.Release|Any CPU.Build.0 = Release|Any CPU
		{5059E5B1-34CF-4949-88FE-5932865E398E}.Debug|Any CPU.ActiveCfg = Debug|Any CPU
		{5059E5B1-34CF-4949-88FE-5932865E398E}.Debug|Any CPU.Build.0 = Debug|Any CPU
		{5059E5B1-34CF-4949-88FE-5932865E398E}.Release|Any CPU.ActiveCfg = Release|Any CPU
		{5059E5B1-34CF-4949-88FE-5932865E398E}.Release|Any CPU.Build.0 = Release|Any CPU
	EndGlobalSection
	GlobalSection(SolutionProperties) = preSolution
		HideSolutionNode = FALSE
	EndGlobalSection
EndGlobal
